
Microsoft Visual Studio Solution File, Format Version 12.00
# Visual Studio Version 17
VisualStudioVersion = 17.0.31903.59
MinimumVisualStudioVersion = 10.0.40219.1
Project("{2150E333-8FDC-42A3-9474-1A3956D46DE8}") = "src", "src", "{827E0CD3-B72D-47B6-A68D-7590B98EB39B}"
EndProject
Project("{FAE04EC0-301F-11D3-BF4B-00C04F79EFBC}") = "DiarioDeBordo.Core", "src\DiarioDeBordo.Core\DiarioDeBordo.Core.csproj", "{C445ED4F-164B-4A59-93DF-081E493C327A}"
EndProject
Project("{FAE04EC0-301F-11D3-BF4B-00C04F79EFBC}") = "DiarioDeBordo.Infrastructure", "src\DiarioDeBordo.Infrastructure\DiarioDeBordo.Infrastructure.csproj", "{3D012F1D-5E5F-46C4-A7EB-32B8D383EFA7}"
EndProject
Project("{FAE04EC0-301F-11D3-BF4B-00C04F79EFBC}") = "DiarioDeBordo.UI", "src\DiarioDeBordo.UI\DiarioDeBordo.UI.csproj", "{0E28717E-E83C-4346-96CD-9B73D83FC8DD}"
EndProject
Project("{2150E333-8FDC-42A3-9474-1A3956D46DE8}") = "Modules", "Modules", "{EC447DCF-ABFA-6E24-52A5-D7FD48A5C558}"
EndProject
Project("{2150E333-8FDC-42A3-9474-1A3956D46DE8}") = "Module.Shared", "Module.Shared", "{E087B007-B2D2-E2AF-34F4-8CE3FB2288BD}"
EndProject
Project("{FAE04EC0-301F-11D3-BF4B-00C04F79EFBC}") = "DiarioDeBordo.Module.Shared", "src\Modules\Module.Shared\DiarioDeBordo.Module.Shared.csproj", "{66BDB369-8BF4-48A9-9C3A-2F28F9FE7203}"
EndProject
Project("{FAE04EC0-301F-11D3-BF4B-00C04F79EFBC}") = "DiarioDeBordo.Desktop", "src\DiarioDeBordo.Desktop\DiarioDeBordo.Desktop.csproj", "{A4ACAB26-00A2-4CB8-B147-0A576EEF7816}"
EndProject
Project("{2150E333-8FDC-42A3-9474-1A3956D46DE8}") = "Module.Acervo", "Module.Acervo", "{A0A6A361-E0D9-5773-B704-1EB7C72E1A34}"
EndProject
Project("{FAE04EC0-301F-11D3-BF4B-00C04F79EFBC}") = "DiarioDeBordo.Module.Acervo", "src\Modules\Module.Acervo\DiarioDeBordo.Module.Acervo.csproj", "{43D5C466-283E-490B-B7B2-C7C786F47679}"
EndProject
Project("{2150E333-8FDC-42A3-9474-1A3956D46DE8}") = "Module.Agregacao", "Module.Agregacao", "{844D7085-DA92-1838-775E-68CE8F8E0ABC}"
EndProject
Project("{FAE04EC0-301F-11D3-BF4B-00C04F79EFBC}") = "DiarioDeBordo.Module.Agregacao", "src\Modules\Module.Agregacao\DiarioDeBordo.Module.Agregacao.csproj", "{5FA3FF5C-B60D-4EB2-9A72-2AA792ED5984}"
EndProject
Project("{2150E333-8FDC-42A3-9474-1A3956D46DE8}") = "Module.Reproducao", "Module.Reproducao", "{834D9050-2A12-FB10-06E5-93726FADA413}"
EndProject
Project("{FAE04EC0-301F-11D3-BF4B-00C04F79EFBC}") = "DiarioDeBordo.Module.Reproducao", "src\Modules\Module.Reproducao\DiarioDeBordo.Module.Reproducao.csproj", "{FB714780-A1FD-4FCB-8998-AB4C8B5FCE7E}"
EndProject
Project("{2150E333-8FDC-42A3-9474-1A3956D46DE8}") = "Module.IntegracaoExterna", "Module.IntegracaoExterna", "{4144BC33-6C01-6984-A72C-4779D03D0C5D}"
EndProject
Project("{FAE04EC0-301F-11D3-BF4B-00C04F79EFBC}") = "DiarioDeBordo.Module.IntegracaoExterna", "src\Modules\Module.IntegracaoExterna\DiarioDeBordo.Module.IntegracaoExterna.csproj", "{AE006CA7-9F98-4564-8BFB-320AEAC4C510}"
EndProject
Project("{2150E333-8FDC-42A3-9474-1A3956D46DE8}") = "Module.Busca", "Module.Busca", "{A7426BB1-DCF7-3A10-41C4-745759D2AC3B}"
EndProject
Project("{FAE04EC0-301F-11D3-BF4B-00C04F79EFBC}") = "DiarioDeBordo.Module.Busca", "src\Modules\Module.Busca\DiarioDeBordo.Module.Busca.csproj", "{6F9E593D-7AC9-4891-B9FD-2E2A2DC8364E}"
EndProject
Project("{2150E333-8FDC-42A3-9474-1A3956D46DE8}") = "Module.Portabilidade", "Module.Portabilidade", "{47081C52-CC2D-411F-270A-0C69BB359405}"
EndProject
Project("{FAE04EC0-301F-11D3-BF4B-00C04F79EFBC}") = "DiarioDeBordo.Module.Portabilidade", "src\Modules\Module.Portabilidade\DiarioDeBordo.Module.Portabilidade.csproj", "{5B02A51C-86F4-4EBD-AC46-111E70A1F92F}"
EndProject
Project("{2150E333-8FDC-42A3-9474-1A3956D46DE8}") = "Module.Identidade", "Module.Identidade", "{482A0B8A-3D3A-D350-8D30-50B93432775A}"
EndProject
Project("{FAE04EC0-301F-11D3-BF4B-00C04F79EFBC}") = "DiarioDeBordo.Module.Identidade", "src\Modules\Module.Identidade\DiarioDeBordo.Module.Identidade.csproj", "{2F0E4264-B311-4215-909E-A18ED74659EB}"
EndProject
Project("{2150E333-8FDC-42A3-9474-1A3956D46DE8}") = "Module.Preferencias", "Module.Preferencias", "{0C478BF3-FBE8-45C5-0F52-61EBBD9662DE}"
EndProject
Project("{FAE04EC0-301F-11D3-BF4B-00C04F79EFBC}") = "DiarioDeBordo.Module.Preferencias", "src\Modules\Module.Preferencias\DiarioDeBordo.Module.Preferencias.csproj", "{CAE5D00A-7427-4D74-80D8-CCE77CE31FDC}"
EndProject
Project("{2150E333-8FDC-42A3-9474-1A3956D46DE8}") = "tests", "tests", "{0AB3BF05-4346-4AA6-1389-037BE0695223}"
EndProject
Project("{FAE04EC0-301F-11D3-BF4B-00C04F79EFBC}") = "Tests.Unit", "tests\Tests.Unit\Tests.Unit.csproj", "{4784F5AA-51AD-4622-9CA5-D13217549B2A}"
EndProject
Project("{FAE04EC0-301F-11D3-BF4B-00C04F79EFBC}") = "Tests.Integration", "tests\Tests.Integration\Tests.Integration.csproj", "{EEAD18A6-4262-4C7D-99C9-A0E76F1B2C37}"
EndProject
Project("{FAE04EC0-301F-11D3-BF4B-00C04F79EFBC}") = "Tests.Domain", "tests\Tests.Domain\Tests.Domain.csproj", "{8CE63CD9-D67F-451C-88FC-A8116519DFDB}"
EndProject
Project("{FAE04EC0-301F-11D3-BF4B-00C04F79EFBC}") = "Tests.E2E", "tests\Tests.E2E\Tests.E2E.csproj", "{34DFAC9C-4FA1-4449-BB7A-E01739E3FA90}"
EndProject
Project("{FAE04EC0-301F-11D3-BF4B-00C04F79EFBC}") = "Tests.Security", "tests\Tests.Security\Tests.Security.csproj", "{F809C5D6-22DD-438C-96D1-15FE8462F322}"
EndProject
Project("{FAE04EC0-301F-11D3-BF4B-00C04F79EFBC}") = "Tests.Performance", "tests\Tests.Performance\Tests.Performance.csproj", "{92798747-892C-4583-805A-6D19AE4EFED8}"
EndProject
Project("{FAE04EC0-301F-11D3-BF4B-00C04F79EFBC}") = "Tests.Contract", "tests\Tests.Contract\Tests.Contract.csproj", "{69D686A0-662C-4CDE-93B1-B7361EB39CBF}"
EndProject
Project("{FAE04EC0-301F-11D3-BF4B-00C04F79EFBC}") = "Tests.ViewModel", "tests\Tests.ViewModel\Tests.ViewModel.csproj", "{CDEC717F-D66D-442B-AF3F-FB61BD429407}"
EndProject
Global
	GlobalSection(SolutionConfigurationPlatforms) = preSolution
		Debug|Any CPU = Debug|Any CPU
		Debug|x64 = Debug|x64
		Debug|x86 = Debug|x86
		Release|Any CPU = Release|Any CPU
		Release|x64 = Release|x64
		Release|x86 = Release|x86
	EndGlobalSection
	GlobalSection(ProjectConfigurationPlatforms) = postSolution
		{C445ED4F-164B-4A59-93DF-081E493C327A}.Debug|Any CPU.ActiveCfg = Debug|Any CPU
		{C445ED4F-164B-4A59-93DF-081E493C327A}.Debug|Any CPU.Build.0 = Debug|Any CPU
		{C445ED4F-164B-4A59-93DF-081E493C327A}.Debug|x64.ActiveCfg = Debug|Any CPU
		{C445ED4F-164B-4A59-93DF-081E493C327A}.Debug|x64.Build.0 = Debug|Any CPU
		{C445ED4F-164B-4A59-93DF-081E493C327A}.Debug|x86.ActiveCfg = Debug|Any CPU
		{C445ED4F-164B-4A59-93DF-081E493C327A}.Debug|x86.Build.0 = Debug|Any CPU
		{C445ED4F-164B-4A59-93DF-081E493C327A}.Release|Any CPU.ActiveCfg = Release|Any CPU
		{C445ED4F-164B-4A59-93DF-081E493C327A}.Release|Any CPU.Build.0 = Release|Any CPU
		{C445ED4F-164B-4A59-93DF-081E493C327A}.Release|x64.ActiveCfg = Release|Any CPU
		{C445ED4F-164B-4A59-93DF-081E493C327A}.Release|x64.Build.0 = Release|Any CPU
		{C445ED4F-164B-4A59-93DF-081E493C327A}.Release|x86.ActiveCfg = Release|Any CPU
		{C445ED4F-164B-4A59-93DF-081E493C327A}.Release|x86.Build.0 = Release|Any CPU
		{3D012F1D-5E5F-46C4-A7EB-32B8D383EFA7}.Debug|Any CPU.ActiveCfg = Debug|Any CPU
		{3D012F1D-5E5F-46C4-A7EB-32B8D383EFA7}.Debug|Any CPU.Build.0 = Debug|Any CPU
		{3D012F1D-5E5F-46C4-A7EB-32B8D383EFA7}.Debug|x64.ActiveCfg = Debug|Any CPU
		{3D012F1D-5E5F-46C4-A7EB-32B8D383EFA7}.Debug|x64.Build.0 = Debug|Any CPU
		{3D012F1D-5E5F-46C4-A7EB-32B8D383EFA7}.Debug|x86.ActiveCfg = Debug|Any CPU
		{3D012F1D-5E5F-46C4-A7EB-32B8D383EFA7}.Debug|x86.Build.0 = Debug|Any CPU
		{3D012F1D-5E5F-46C4-A7EB-32B8D383EFA7}.Release|Any CPU.ActiveCfg = Release|Any CPU
		{3D012F1D-5E5F-46C4-A7EB-32B8D383EFA7}.Release|Any CPU.Build.0 = Release|Any CPU
		{3D012F1D-5E5F-46C4-A7EB-32B8D383EFA7}.Release|x64.ActiveCfg = Release|Any CPU
		{3D012F1D-5E5F-46C4-A7EB-32B8D383EFA7}.Release|x64.Build.0 = Release|Any CPU
		{3D012F1D-5E5F-46C4-A7EB-32B8D383EFA7}.Release|x86.ActiveCfg = Release|Any CPU
		{3D012F1D-5E5F-46C4-A7EB-32B8D383EFA7}.Release|x86.Build.0 = Release|Any CPU
		{0E28717E-E83C-4346-96CD-9B73D83FC8DD}.Debug|Any CPU.ActiveCfg = Debug|Any CPU
		{0E28717E-E83C-4346-96CD-9B73D83FC8DD}.Debug|Any CPU.Build.0 = Debug|Any CPU
		{0E28717E-E83C-4346-96CD-9B73D83FC8DD}.Debug|x64.ActiveCfg = Debug|Any CPU
		{0E28717E-E83C-4346-96CD-9B73D83FC8DD}.Debug|x64.Build.0 = Debug|Any CPU
		{0E28717E-E83C-4346-96CD-9B73D83FC8DD}.Debug|x86.ActiveCfg = Debug|Any CPU
		{0E28717E-E83C-4346-96CD-9B73D83FC8DD}.Debug|x86.Build.0 = Debug|Any CPU
		{0E28717E-E83C-4346-96CD-9B73D83FC8DD}.Release|Any CPU.ActiveCfg = Release|Any CPU
		{0E28717E-E83C-4346-96CD-9B73D83FC8DD}.Release|Any CPU.Build.0 = Release|Any CPU
		{0E28717E-E83C-4346-96CD-9B73D83FC8DD}.Release|x64.ActiveCfg = Release|Any CPU
		{0E28717E-E83C-4346-96CD-9B73D83FC8DD}.Release|x64.Build.0 = Release|Any CPU
		{0E28717E-E83C-4346-96CD-9B73D83FC8DD}.Release|x86.ActiveCfg = Release|Any CPU
		{0E28717E-E83C-4346-96CD-9B73D83FC8DD}.Release|x86.Build.0 = Release|Any CPU
		{66BDB369-8BF4-48A9-9C3A-2F28F9FE7203}.Debug|Any CPU.ActiveCfg = Debug|Any CPU
		{66BDB369-8BF4-48A9-9C3A-2F28F9FE7203}.Debug|Any CPU.Build.0 = Debug|Any CPU
		{66BDB369-8BF4-48A9-9C3A-2F28F9FE7203}.Debug|x64.ActiveCfg = Debug|Any CPU
		{66BDB369-8BF4-48A9-9C3A-2F28F9FE7203}.Debug|x64.Build.0 = Debug|Any CPU
		{66BDB369-8BF4-48A9-9C3A-2F28F9FE7203}.Debug|x86.ActiveCfg = Debug|Any CPU
		{66BDB369-8BF4-48A9-9C3A-2F28F9FE7203}.Debug|x86.Build.0 = Debug|Any CPU
		{66BDB369-8BF4-48A9-9C3A-2F28F9FE7203}.Release|Any CPU.ActiveCfg = Release|Any CPU
		{66BDB369-8BF4-48A9-9C3A-2F28F9FE7203}.Release|Any CPU.Build.0 = Release|Any CPU
		{66BDB369-8BF4-48A9-9C3A-2F28F9FE7203}.Release|x64.ActiveCfg = Release|Any CPU
		{66BDB369-8BF4-48A9-9C3A-2F28F9FE7203}.Release|x64.Build.0 = Release|Any CPU
		{66BDB369-8BF4-48A9-9C3A-2F28F9FE7203}.Release|x86.ActiveCfg = Release|Any CPU
		{66BDB369-8BF4-48A9-9C3A-2F28F9FE7203}.Release|x86.Build.0 = Release|Any CPU
		{A4ACAB26-00A2-4CB8-B147-0A576EEF7816}.Debug|Any CPU.ActiveCfg = Debug|Any CPU
		{A4ACAB26-00A2-4CB8-B147-0A576EEF7816}.Debug|Any CPU.Build.0 = Debug|Any CPU
		{A4ACAB26-00A2-4CB8-B147-0A576EEF7816}.Debug|x64.ActiveCfg = Debug|Any CPU
		{A4ACAB26-00A2-4CB8-B147-0A576EEF7816}.Debug|x64.Build.0 = Debug|Any CPU
		{A4ACAB26-00A2-4CB8-B147-0A576EEF7816}.Debug|x86.ActiveCfg = Debug|Any CPU
		{A4ACAB26-00A2-4CB8-B147-0A576EEF7816}.Debug|x86.Build.0 = Debug|Any CPU
		{A4ACAB26-00A2-4CB8-B147-0A576EEF7816}.Release|Any CPU.ActiveCfg = Release|Any CPU
		{A4ACAB26-00A2-4CB8-B147-0A576EEF7816}.Release|Any CPU.Build.0 = Release|Any CPU
		{A4ACAB26-00A2-4CB8-B147-0A576EEF7816}.Release|x64.ActiveCfg = Release|Any CPU
		{A4ACAB26-00A2-4CB8-B147-0A576EEF7816}.Release|x64.Build.0 = Release|Any CPU
		{A4ACAB26-00A2-4CB8-B147-0A576EEF7816}.Release|x86.ActiveCfg = Release|Any CPU
		{A4ACAB26-00A2-4CB8-B147-0A576EEF7816}.Release|x86.Build.0 = Release|Any CPU
		{43D5C466-283E-490B-B7B2-C7C786F47679}.Debug|Any CPU.ActiveCfg = Debug|Any CPU
		{43D5C466-283E-490B-B7B2-C7C786F47679}.Debug|Any CPU.Build.0 = Debug|Any CPU
		{43D5C466-283E-490B-B7B2-C7C786F47679}.Debug|x64.ActiveCfg = Debug|Any CPU
		{43D5C466-283E-490B-B7B2-C7C786F47679}.Debug|x64.Build.0 = Debug|Any CPU
		{43D5C466-283E-490B-B7B2-C7C786F47679}.Debug|x86.ActiveCfg = Debug|Any CPU
		{43D5C466-283E-490B-B7B2-C7C786F47679}.Debug|x86.Build.0 = Debug|Any CPU
		{43D5C466-283E-490B-B7B2-C7C786F47679}.Release|Any CPU.ActiveCfg = Release|Any CPU
		{43D5C466-283E-490B-B7B2-C7C786F47679}.Release|Any CPU.Build.0 = Release|Any CPU
		{43D5C466-283E-490B-B7B2-C7C786F47679}.Release|x64.ActiveCfg = Release|Any CPU
		{43D5C466-283E-490B-B7B2-C7C786F47679}.Release|x64.Build.0 = Release|Any CPU
		{43D5C466-283E-490B-B7B2-C7C786F47679}.Release|x86.ActiveCfg = Release|Any CPU
		{43D5C466-283E-490B-B7B2-C7C786F47679}.Release|x86.Build.0 = Release|Any CPU
		{5FA3FF5C-B60D-4EB2-9A72-2AA792ED5984}.Debug|Any CPU.ActiveCfg = Debug|Any CPU
		{5FA3FF5C-B60D-4EB2-9A72-2AA792ED5984}.Debug|Any CPU.Build.0 = Debug|Any CPU
		{5FA3FF5C-B60D-4EB2-9A72-2AA792ED5984}.Debug|x64.ActiveCfg = Debug|Any CPU
		{5FA3FF5C-B60D-4EB2-9A72-2AA792ED5984}.Debug|x64.Build.0 = Debug|Any CPU
		{5FA3FF5C-B60D-4EB2-9A72-2AA792ED5984}.Debug|x86.ActiveCfg = Debug|Any CPU
		{5FA3FF5C-B60D-4EB2-9A72-2AA792ED5984}.Debug|x86.Build.0 = Debug|Any CPU
		{5FA3FF5C-B60D-4EB2-9A72-2AA792ED5984}.Release|Any CPU.ActiveCfg = Release|Any CPU
		{5FA3FF5C-B60D-4EB2-9A72-2AA792ED5984}.Release|Any CPU.Build.0 = Release|Any CPU
		{5FA3FF5C-B60D-4EB2-9A72-2AA792ED5984}.Release|x64.ActiveCfg = Release|Any CPU
		{5FA3FF5C-B60D-4EB2-9A72-2AA792ED5984}.Release|x64.Build.0 = Release|Any CPU
		{5FA3FF5C-B60D-4EB2-9A72-2AA792ED5984}.Release|x86.ActiveCfg = Release|Any CPU
		{5FA3FF5C-B60D-4EB2-9A72-2AA792ED5984}.Release|x86.Build.0 = Release|Any CPU
		{FB714780-A1FD-4FCB-8998-AB4C8B5FCE7E}.Debug|Any CPU.ActiveCfg = Debug|Any CPU
		{FB714780-A1FD-4FCB-8998-AB4C8B5FCE7E}.Debug|Any CPU.Build.0 = Debug|Any CPU
		{FB714780-A1FD-4FCB-8998-AB4C8B5FCE7E}.Debug|x64.ActiveCfg = Debug|Any CPU
		{FB714780-A1FD-4FCB-8998-AB4C8B5FCE7E}.Debug|x64.Build.0 = Debug|Any CPU
		{FB714780-A1FD-4FCB-8998-AB4C8B5FCE7E}.Debug|x86.ActiveCfg = Debug|Any CPU
		{FB714780-A1FD-4FCB-8998-AB4C8B5FCE7E}.Debug|x86.Build.0 = Debug|Any CPU
		{FB714780-A1FD-4FCB-8998-AB4C8B5FCE7E}.Release|Any CPU.ActiveCfg = Release|Any CPU
		{FB714780-A1FD-4FCB-8998-AB4C8B5FCE7E}.Release|Any CPU.Build.0 = Release|Any CPU
		{FB714780-A1FD-4FCB-8998-AB4C8B5FCE7E}.Release|x64.ActiveCfg = Release|Any CPU
		{FB714780-A1FD-4FCB-8998-AB4C8B5FCE7E}.Release|x64.Build.0 = Release|Any CPU
		{FB714780-A1FD-4FCB-8998-AB4C8B5FCE7E}.Release|x86.ActiveCfg = Release|Any CPU
		{FB714780-A1FD-4FCB-8998-AB4C8B5FCE7E}.Release|x86.Build.0 = Release|Any CPU
		{AE006CA7-9F98-4564-8BFB-320AEAC4C510}.Debug|Any CPU.ActiveCfg = Debug|Any CPU
		{AE006CA7-9F98-4564-8BFB-320AEAC4C510}.Debug|Any CPU.Build.0 = Debug|Any CPU
		{AE006CA7-9F98-4564-8BFB-320AEAC4C510}.Debug|x64.ActiveCfg = Debug|Any CPU
		{AE006CA7-9F98-4564-8BFB-320AEAC4C510}.Debug|x64.Build.0 = Debug|Any CPU
		{AE006CA7-9F98-4564-8BFB-320AEAC4C510}.Debug|x86.ActiveCfg = Debug|Any CPU
		{AE006CA7-9F98-4564-8BFB-320AEAC4C510}.Debug|x86.Build.0 = Debug|Any CPU
		{AE006CA7-9F98-4564-8BFB-320AEAC4C510}.Release|Any CPU.ActiveCfg = Release|Any CPU
		{AE006CA7-9F98-4564-8BFB-320AEAC4C510}.Release|Any CPU.Build.0 = Release|Any CPU
		{AE006CA7-9F98-4564-8BFB-320AEAC4C510}.Release|x64.ActiveCfg = Release|Any CPU
		{AE006CA7-9F98-4564-8BFB-320AEAC4C510}.Release|x64.Build.0 = Release|Any CPU
		{AE006CA7-9F98-4564-8BFB-320AEAC4C510}.Release|x86.ActiveCfg = Release|Any CPU
		{AE006CA7-9F98-4564-8BFB-320AEAC4C510}.Release|x86.Build.0 = Release|Any CPU
		{6F9E593D-7AC9-4891-B9FD-2E2A2DC8364E}.Debug|Any CPU.ActiveCfg = Debug|Any CPU
		{6F9E593D-7AC9-4891-B9FD-2E2A2DC8364E}.Debug|Any CPU.Build.0 = Debug|Any CPU
		{6F9E593D-7AC9-4891-B9FD-2E2A2DC8364E}.Debug|x64.ActiveCfg = Debug|Any CPU
		{6F9E593D-7AC9-4891-B9FD-2E2A2DC8364E}.Debug|x64.Build.0 = Debug|Any CPU
		{6F9E593D-7AC9-4891-B9FD-2E2A2DC8364E}.Debug|x86.ActiveCfg = Debug|Any CPU
		{6F9E593D-7AC9-4891-B9FD-2E2A2DC8364E}.Debug|x86.Build.0 = Debug|Any CPU
		{6F9E593D-7AC9-4891-B9FD-2E2A2DC8364E}.Release|Any CPU.ActiveCfg = Release|Any CPU
		{6F9E593D-7AC9-4891-B9FD-2E2A2DC8364E}.Release|Any CPU.Build.0 = Release|Any CPU
		{6F9E593D-7AC9-4891-B9FD-2E2A2DC8364E}.Release|x64.ActiveCfg = Release|Any CPU
		{6F9E593D-7AC9-4891-B9FD-2E2A2DC8364E}.Release|x64.Build.0 = Release|Any CPU
		{6F9E593D-7AC9-4891-B9FD-2E2A2DC8364E}.Release|x86.ActiveCfg = Release|Any CPU
		{6F9E593D-7AC9-4891-B9FD-2E2A2DC8364E}.Release|x86.Build.0 = Release|Any CPU
		{5B02A51C-86F4-4EBD-AC46-111E70A1F92F}.Debug|Any CPU.ActiveCfg = Debug|Any CPU
		{5B02A51C-86F4-4EBD-AC46-111E70A1F92F}.Debug|Any CPU.Build.0 = Debug|Any CPU
		{5B02A51C-86F4-4EBD-AC46-111E70A1F92F}.Debug|x64.ActiveCfg = Debug|Any CPU
		{5B02A51C-86F4-4EBD-AC46-111E70A1F92F}.Debug|x64.Build.0 = Debug|Any CPU
		{5B02A51C-86F4-4EBD-AC46-111E70A1F92F}.Debug|x86.ActiveCfg = Debug|Any CPU
		{5B02A51C-86F4-4EBD-AC46-111E70A1F92F}.Debug|x86.Build.0 = Debug|Any CPU
		{5B02A51C-86F4-4EBD-AC46-111E70A1F92F}.Release|Any CPU.ActiveCfg = Release|Any CPU
		{5B02A51C-86F4-4EBD-AC46-111E70A1F92F}.Release|Any CPU.Build.0 = Release|Any CPU
		{5B02A51C-86F4-4EBD-AC46-111E70A1F92F}.Release|x64.ActiveCfg = Release|Any CPU
		{5B02A51C-86F4-4EBD-AC46-111E70A1F92F}.Release|x64.Build.0 = Release|Any CPU
		{5B02A51C-86F4-4EBD-AC46-111E70A1F92F}.Release|x86.ActiveCfg = Release|Any CPU
		{5B02A51C-86F4-4EBD-AC46-111E70A1F92F}.Release|x86.Build.0 = Release|Any CPU
		{2F0E4264-B311-4215-909E-A18ED74659EB}.Debug|Any CPU.ActiveCfg = Debug|Any CPU
		{2F0E4264-B311-4215-909E-A18ED74659EB}.Debug|Any CPU.Build.0 = Debug|Any CPU
		{2F0E4264-B311-4215-909E-A18ED74659EB}.Debug|x64.ActiveCfg = Debug|Any CPU
		{2F0E4264-B311-4215-909E-A18ED74659EB}.Debug|x64.Build.0 = Debug|Any CPU
		{2F0E4264-B311-4215-909E-A18ED74659EB}.Debug|x86.ActiveCfg = Debug|Any CPU
		{2F0E4264-B311-4215-909E-A18ED74659EB}.Debug|x86.Build.0 = Debug|Any CPU
		{2F0E4264-B311-4215-909E-A18ED74659EB}.Release|Any CPU.ActiveCfg = Release|Any CPU
		{2F0E4264-B311-4215-909E-A18ED74659EB}.Release|Any CPU.Build.0 = Release|Any CPU
		{2F0E4264-B311-4215-909E-A18ED74659EB}.Release|x64.ActiveCfg = Release|Any CPU
		{2F0E4264-B311-4215-909E-A18ED74659EB}.Release|x64.Build.0 = Release|Any CPU
		{2F0E4264-B311-4215-909E-A18ED74659EB}.Release|x86.ActiveCfg = Release|Any CPU
		{2F0E4264-B311-4215-909E-A18ED74659EB}.Release|x86.Build.0 = Release|Any CPU
		{CAE5D00A-7427-4D74-80D8-CCE77CE31FDC}.Debug|Any CPU.ActiveCfg = Debug|Any CPU
		{CAE5D00A-7427-4D74-80D8-CCE77CE31FDC}.Debug|Any CPU.Build.0 = Debug|Any CPU
		{CAE5D00A-7427-4D74-80D8-CCE77CE31FDC}.Debug|x64.ActiveCfg = Debug|Any CPU
		{CAE5D00A-7427-4D74-80D8-CCE77CE31FDC}.Debug|x64.Build.0 = Debug|Any CPU
		{CAE5D00A-7427-4D74-80D8-CCE77CE31FDC}.Debug|x86.ActiveCfg = Debug|Any CPU
		{CAE5D00A-7427-4D74-80D8-CCE77CE31FDC}.Debug|x86.Build.0 = Debug|Any CPU
		{CAE5D00A-7427-4D74-80D8-CCE77CE31FDC}.Release|Any CPU.ActiveCfg = Release|Any CPU
		{CAE5D00A-7427-4D74-80D8-CCE77CE31FDC}.Release|Any CPU.Build.0 = Release|Any CPU
		{CAE5D00A-7427-4D74-80D8-CCE77CE31FDC}.Release|x64.ActiveCfg = Release|Any CPU
		{CAE5D00A-7427-4D74-80D8-CCE77CE31FDC}.Release|x64.Build.0 = Release|Any CPU
		{CAE5D00A-7427-4D74-80D8-CCE77CE31FDC}.Release|x86.ActiveCfg = Release|Any CPU
		{CAE5D00A-7427-4D74-80D8-CCE77CE31FDC}.Release|x86.Build.0 = Release|Any CPU
		{4784F5AA-51AD-4622-9CA5-D13217549B2A}.Debug|Any CPU.ActiveCfg = Debug|Any CPU
		{4784F5AA-51AD-4622-9CA5-D13217549B2A}.Debug|Any CPU.Build.0 = Debug|Any CPU
		{4784F5AA-51AD-4622-9CA5-D13217549B2A}.Debug|x64.ActiveCfg = Debug|Any CPU
		{4784F5AA-51AD-4622-9CA5-D13217549B2A}.Debug|x64.Build.0 = Debug|Any CPU
		{4784F5AA-51AD-4622-9CA5-D13217549B2A}.Debug|x86.ActiveCfg = Debug|Any CPU
		{4784F5AA-51AD-4622-9CA5-D13217549B2A}.Debug|x86.Build.0 = Debug|Any CPU
		{4784F5AA-51AD-4622-9CA5-D13217549B2A}.Release|Any CPU.ActiveCfg = Release|Any CPU
		{4784F5AA-51AD-4622-9CA5-D13217549B2A}.Release|Any CPU.Build.0 = Release|Any CPU
		{4784F5AA-51AD-4622-9CA5-D13217549B2A}.Release|x64.ActiveCfg = Release|Any CPU
		{4784F5AA-51AD-4622-9CA5-D13217549B2A}.Release|x64.Build.0 = Release|Any CPU
		{4784F5AA-51AD-4622-9CA5-D13217549B2A}.Release|x86.ActiveCfg = Release|Any CPU
		{4784F5AA-51AD-4622-9CA5-D13217549B2A}.Release|x86.Build.0 = Release|Any CPU
		{EEAD18A6-4262-4C7D-99C9-A0E76F1B2C37}.Debug|Any CPU.ActiveCfg = Debug|Any CPU
		{EEAD18A6-4262-4C7D-99C9-A0E76F1B2C37}.Debug|Any CPU.Build.0 = Debug|Any CPU
		{EEAD18A6-4262-4C7D-99C9-A0E76F1B2C37}.Debug|x64.ActiveCfg = Debug|Any CPU
		{EEAD18A6-4262-4C7D-99C9-A0E76F1B2C37}.Debug|x64.Build.0 = Debug|Any CPU
		{EEAD18A6-4262-4C7D-99C9-A0E76F1B2C37}.Debug|x86.ActiveCfg = Debug|Any CPU
		{EEAD18A6-4262-4C7D-99C9-A0E76F1B2C37}.Debug|x86.Build.0 = Debug|Any CPU
		{EEAD18A6-4262-4C7D-99C9-A0E76F1B2C37}.Release|Any CPU.ActiveCfg = Release|Any CPU
		{EEAD18A6-4262-4C7D-99C9-A0E76F1B2C37}.Release|Any CPU.Build.0 = Release|Any CPU
		{EEAD18A6-4262-4C7D-99C9-A0E76F1B2C37}.Release|x64.ActiveCfg = Release|Any CPU
		{EEAD18A6-4262-4C7D-99C9-A0E76F1B2C37}.Release|x64.Build.0 = Release|Any CPU
		{EEAD18A6-4262-4C7D-99C9-A0E76F1B2C37}.Release|x86.ActiveCfg = Release|Any CPU
		{EEAD18A6-4262-4C7D-99C9-A0E76F1B2C37}.Release|x86.Build.0 = Release|Any CPU
		{8CE63CD9-D67F-451C-88FC-A8116519DFDB}.Debug|Any CPU.ActiveCfg = Debug|Any CPU
		{8CE63CD9-D67F-451C-88FC-A8116519DFDB}.Debug|Any CPU.Build.0 = Debug|Any CPU
		{8CE63CD9-D67F-451C-88FC-A8116519DFDB}.Debug|x64.ActiveCfg = Debug|Any CPU
		{8CE63CD9-D67F-451C-88FC-A8116519DFDB}.Debug|x64.Build.0 = Debug|Any CPU
		{8CE63CD9-D67F-451C-88FC-A8116519DFDB}.Debug|x86.ActiveCfg = Debug|Any CPU
		{8CE63CD9-D67F-451C-88FC-A8116519DFDB}.Debug|x86.Build.0 = Debug|Any CPU
		{8CE63CD9-D67F-451C-88FC-A8116519DFDB}.Release|Any CPU.ActiveCfg = Release|Any CPU
		{8CE63CD9-D67F-451C-88FC-A8116519DFDB}.Release|Any CPU.Build.0 = Release|Any CPU
		{8CE63CD9-D67F-451C-88FC-A8116519DFDB}.Release|x64.ActiveCfg = Release|Any CPU
		{8CE63CD9-D67F-451C-88FC-A8116519DFDB}.Release|x64.Build.0 = Release|Any CPU
		{8CE63CD9-D67F-451C-88FC-A8116519DFDB}.Release|x86.ActiveCfg = Release|Any CPU
		{8CE63CD9-D67F-451C-88FC-A8116519DFDB}.Release|x86.Build.0 = Release|Any CPU
		{34DFAC9C-4FA1-4449-BB7A-E01739E3FA90}.Debug|Any CPU.ActiveCfg = Debug|Any CPU
		{34DFAC9C-4FA1-4449-BB7A-E01739E3FA90}.Debug|Any CPU.Build.0 = Debug|Any CPU
		{34DFAC9C-4FA1-4449-BB7A-E01739E3FA90}.Debug|x64.ActiveCfg = Debug|Any CPU
		{34DFAC9C-4FA1-4449-BB7A-E01739E3FA90}.Debug|x64.Build.0 = Debug|Any CPU
		{34DFAC9C-4FA1-4449-BB7A-E01739E3FA90}.Debug|x86.ActiveCfg = Debug|Any CPU
		{34DFAC9C-4FA1-4449-BB7A-E01739E3FA90}.Debug|x86.Build.0 = Debug|Any CPU
		{34DFAC9C-4FA1-4449-BB7A-E01739E3FA90}.Release|Any CPU.ActiveCfg = Release|Any CPU
		{34DFAC9C-4FA1-4449-BB7A-E01739E3FA90}.Release|Any CPU.Build.0 = Release|Any CPU
		{34DFAC9C-4FA1-4449-BB7A-E01739E3FA90}.Release|x64.ActiveCfg = Release|Any CPU
		{34DFAC9C-4FA1-4449-BB7A-E01739E3FA90}.Release|x64.Build.0 = Release|Any CPU
		{34DFAC9C-4FA1-4449-BB7A-E01739E3FA90}.Release|x86.ActiveCfg = Release|Any CPU
		{34DFAC9C-4FA1-4449-BB7A-E01739E3FA90}.Release|x86.Build.0 = Release|Any CPU
		{F809C5D6-22DD-438C-96D1-15FE8462F322}.Debug|Any CPU.ActiveCfg = Debug|Any CPU
		{F809C5D6-22DD-438C-96D1-15FE8462F322}.Debug|Any CPU.Build.0 = Debug|Any CPU
		{F809C5D6-22DD-438C-96D1-15FE8462F322}.Debug|x64.ActiveCfg = Debug|Any CPU
		{F809C5D6-22DD-438C-96D1-15FE8462F322}.Debug|x64.Build.0 = Debug|Any CPU
		{F809C5D6-22DD-438C-96D1-15FE8462F322}.Debug|x86.ActiveCfg = Debug|Any CPU
		{F809C5D6-22DD-438C-96D1-15FE8462F322}.Debug|x86.Build.0 = Debug|Any CPU
		{F809C5D6-22DD-438C-96D1-15FE8462F322}.Release|Any CPU.ActiveCfg = Release|Any CPU
		{F809C5D6-22DD-438C-96D1-15FE8462F322}.Release|Any CPU.Build.0 = Release|Any CPU
		{F809C5D6-22DD-438C-96D1-15FE8462F322}.Release|x64.ActiveCfg = Release|Any CPU
		{F809C5D6-22DD-438C-96D1-15FE8462F322}.Release|x64.Build.0 = Release|Any CPU
		{F809C5D6-22DD-438C-96D1-15FE8462F322}.Release|x86.ActiveCfg = Release|Any CPU
		{F809C5D6-22DD-438C-96D1-15FE8462F322}.Release|x86.Build.0 = Release|Any CPU
		{92798747-892C-4583-805A-6D19AE4EFED8}.Debug|Any CPU.ActiveCfg = Debug|Any CPU
		{92798747-892C-4583-805A-6D19AE4EFED8}.Debug|Any CPU.Build.0 = Debug|Any CPU
		{92798747-892C-4583-805A-6D19AE4EFED8}.Debug|x64.ActiveCfg = Debug|Any CPU
		{92798747-892C-4583-805A-6D19AE4EFED8}.Debug|x64.Build.0 = Debug|Any CPU
		{92798747-892C-4583-805A-6D19AE4EFED8}.Debug|x86.ActiveCfg = Debug|Any CPU
		{92798747-892C-4583-805A-6D19AE4EFED8}.Debug|x86.Build.0 = Debug|Any CPU
		{92798747-892C-4583-805A-6D19AE4EFED8}.Release|Any CPU.ActiveCfg = Release|Any CPU
		{92798747-892C-4583-805A-6D19AE4EFED8}.Release|Any CPU.Build.0 = Release|Any CPU
		{92798747-892C-4583-805A-6D19AE4EFED8}.Release|x64.ActiveCfg = Release|Any CPU
		{92798747-892C-4583-805A-6D19AE4EFED8}.Release|x64.Build.0 = Release|Any CPU
		{92798747-892C-4583-805A-6D19AE4EFED8}.Release|x86.ActiveCfg = Release|Any CPU
		{92798747-892C-4583-805A-6D19AE4EFED8}.Release|x86.Build.0 = Release|Any CPU
		{69D686A0-662C-4CDE-93B1-B7361EB39CBF}.Debug|Any CPU.ActiveCfg = Debug|Any CPU
		{69D686A0-662C-4CDE-93B1-B7361EB39CBF}.Debug|Any CPU.Build.0 = Debug|Any CPU
		{69D686A0-662C-4CDE-93B1-B7361EB39CBF}.Debug|x64.ActiveCfg = Debug|Any CPU
		{69D686A0-662C-4CDE-93B1-B7361EB39CBF}.Debug|x64.Build.0 = Debug|Any CPU
		{69D686A0-662C-4CDE-93B1-B7361EB39CBF}.Debug|x86.ActiveCfg = Debug|Any CPU
		{69D686A0-662C-4CDE-93B1-B7361EB39CBF}.Debug|x86.Build.0 = Debug|Any CPU
		{69D686A0-662C-4CDE-93B1-B7361EB39CBF}.Release|Any CPU.ActiveCfg = Release|Any CPU
		{69D686A0-662C-4CDE-93B1-B7361EB39CBF}.Release|Any CPU.Build.0 = Release|Any CPU
		{69D686A0-662C-4CDE-93B1-B7361EB39CBF}.Release|x64.ActiveCfg = Release|Any CPU
		{69D686A0-662C-4CDE-93B1-B7361EB39CBF}.Release|x64.Build.0 = Release|Any CPU
		{69D686A0-662C-4CDE-93B1-B7361EB39CBF}.Release|x86.ActiveCfg = Release|Any CPU
		{69D686A0-662C-4CDE-93B1-B7361EB39CBF}.Release|x86.Build.0 = Release|Any CPU
		{CDEC717F-D66D-442B-AF3F-FB61BD429407}.Debug|Any CPU.ActiveCfg = Debug|Any CPU
		{CDEC717F-D66D-442B-AF3F-FB61BD429407}.Debug|Any CPU.Build.0 = Debug|Any CPU
		{CDEC717F-D66D-442B-AF3F-FB61BD429407}.Debug|x64.ActiveCfg = Debug|Any CPU
		{CDEC717F-D66D-442B-AF3F-FB61BD429407}.Debug|x64.Build.0 = Debug|Any CPU
		{CDEC717F-D66D-442B-AF3F-FB61BD429407}.Debug|x86.ActiveCfg = Debug|Any CPU
		{CDEC717F-D66D-442B-AF3F-FB61BD429407}.Debug|x86.Build.0 = Debug|Any CPU
		{CDEC717F-D66D-442B-AF3F-FB61BD429407}.Release|Any CPU.ActiveCfg = Release|Any CPU
		{CDEC717F-D66D-442B-AF3F-FB61BD429407}.Release|Any CPU.Build.0 = Release|Any CPU
		{CDEC717F-D66D-442B-AF3F-FB61BD429407}.Release|x64.ActiveCfg = Release|Any CPU
		{CDEC717F-D66D-442B-AF3F-FB61BD429407}.Release|x64.Build.0 = Release|Any CPU
		{CDEC717F-D66D-442B-AF3F-FB61BD429407}.Release|x86.ActiveCfg = Release|Any CPU
		{CDEC717F-D66D-442B-AF3F-FB61BD429407}.Release|x86.Build.0 = Release|Any CPU
	EndGlobalSection
	GlobalSection(SolutionProperties) = preSolution
		HideSolutionNode = FALSE
	EndGlobalSection
	GlobalSection(NestedProjects) = preSolution
		{C445ED4F-164B-4A59-93DF-081E493C327A} = {827E0CD3-B72D-47B6-A68D-7590B98EB39B}
		{3D012F1D-5E5F-46C4-A7EB-32B8D383EFA7} = {827E0CD3-B72D-47B6-A68D-7590B98EB39B}
		{0E28717E-E83C-4346-96CD-9B73D83FC8DD} = {827E0CD3-B72D-47B6-A68D-7590B98EB39B}
		{EC447DCF-ABFA-6E24-52A5-D7FD48A5C558} = {827E0CD3-B72D-47B6-A68D-7590B98EB39B}
		{E087B007-B2D2-E2AF-34F4-8CE3FB2288BD} = {EC447DCF-ABFA-6E24-52A5-D7FD48A5C558}
		{66BDB369-8BF4-48A9-9C3A-2F28F9FE7203} = {E087B007-B2D2-E2AF-34F4-8CE3FB2288BD}
		{A4ACAB26-00A2-4CB8-B147-0A576EEF7816} = {827E0CD3-B72D-47B6-A68D-7590B98EB39B}
		{A0A6A361-E0D9-5773-B704-1EB7C72E1A34} = {EC447DCF-ABFA-6E24-52A5-D7FD48A5C558}
		{43D5C466-283E-490B-B7B2-C7C786F47679} = {A0A6A361-E0D9-5773-B704-1EB7C72E1A34}
		{844D7085-DA92-1838-775E-68CE8F8E0ABC} = {EC447DCF-ABFA-6E24-52A5-D7FD48A5C558}
		{5FA3FF5C-B60D-4EB2-9A72-2AA792ED5984} = {844D7085-DA92-1838-775E-68CE8F8E0ABC}
		{834D9050-2A12-FB10-06E5-93726FADA413} = {EC447DCF-ABFA-6E24-52A5-D7FD48A5C558}
		{FB714780-A1FD-4FCB-8998-AB4C8B5FCE7E} = {834D9050-2A12-FB10-06E5-93726FADA413}
		{4144BC33-6C01-6984-A72C-4779D03D0C5D} = {EC447DCF-ABFA-6E24-52A5-D7FD48A5C558}
		{AE006CA7-9F98-4564-8BFB-320AEAC4C510} = {4144BC33-6C01-6984-A72C-4779D03D0C5D}
		{A7426BB1-DCF7-3A10-41C4-745759D2AC3B} = {EC447DCF-ABFA-6E24-52A5-D7FD48A5C558}
		{6F9E593D-7AC9-4891-B9FD-2E2A2DC8364E} = {A7426BB1-DCF7-3A10-41C4-745759D2AC3B}
		{47081C52-CC2D-411F-270A-0C69BB359405} = {EC447DCF-ABFA-6E24-52A5-D7FD48A5C558}
		{5B02A51C-86F4-4EBD-AC46-111E70A1F92F} = {47081C52-CC2D-411F-270A-0C69BB359405}
		{482A0B8A-3D3A-D350-8D30-50B93432775A} = {EC447DCF-ABFA-6E24-52A5-D7FD48A5C558}
		{2F0E4264-B311-4215-909E-A18ED74659EB} = {482A0B8A-3D3A-D350-8D30-50B93432775A}
		{0C478BF3-FBE8-45C5-0F52-61EBBD9662DE} = {EC447DCF-ABFA-6E24-52A5-D7FD48A5C558}
		{CAE5D00A-7427-4D74-80D8-CCE77CE31FDC} = {0C478BF3-FBE8-45C5-0F52-61EBBD9662DE}
		{4784F5AA-51AD-4622-9CA5-D13217549B2A} = {0AB3BF05-4346-4AA6-1389-037BE0695223}
		{EEAD18A6-4262-4C7D-99C9-A0E76F1B2C37} = {0AB3BF05-4346-4AA6-1389-037BE0695223}
		{8CE63CD9-D67F-451C-88FC-A8116519DFDB} = {0AB3BF05-4346-4AA6-1389-037BE0695223}
		{34DFAC9C-4FA1-4449-BB7A-E01739E3FA90} = {0AB3BF05-4346-4AA6-1389-037BE0695223}
		{F809C5D6-22DD-438C-96D1-15FE8462F322} = {0AB3BF05-4346-4AA6-1389-037BE0695223}
		{92798747-892C-4583-805A-6D19AE4EFED8} = {0AB3BF05-4346-4AA6-1389-037BE0695223}
		{69D686A0-662C-4CDE-93B1-B7361EB39CBF} = {0AB3BF05-4346-4AA6-1389-037BE0695223}
		{CDEC717F-D66D-442B-AF3F-FB61BD429407} = {0AB3BF05-4346-4AA6-1389-037BE0695223}
	EndGlobalSection
EndGlobal
