
Microsoft Visual Studio Solution File, Format Version 12.00
# Visual Studio Version 17
VisualStudioVersion = 17.0.31903.59
MinimumVisualStudioVersion = 10.0.40219.1
Project("{2150E333-8FDC-42A3-9474-1A3956D46DE8}") = "src", "src", "{A9D38DE3-C10F-4837-A4BD-005901E1DEB4}"
EndProject
Project("{FAE04EC0-301F-11D3-BF4B-00C04F79EFBC}") = "DiarioDeBordo.Domain", "src\DiarioDeBordo.Domain\DiarioDeBordo.Domain.csproj", "{4157FAF2-429F-4F1E-9CCD-A8F4EA7CBCF0}"
EndProject
Project("{FAE04EC0-301F-11D3-BF4B-00C04F79EFBC}") = "DiarioDeBordo.Application", "src\DiarioDeBordo.Application\DiarioDeBordo.Application.csproj", "{8072BAD1-ECC1-412E-AD8B-F300EE1162D5}"
EndProject
Project("{FAE04EC0-301F-11D3-BF4B-00C04F79EFBC}") = "DiarioDeBordo.Persistence", "src\DiarioDeBordo.Persistence\DiarioDeBordo.Persistence.csproj", "{EED52B90-4B5E-4FD6-8261-A9D2EAD205C8}"
EndProject
Project("{FAE04EC0-301F-11D3-BF4B-00C04F79EFBC}") = "DiarioDeBordo.Infrastructure", "src\DiarioDeBordo.Infrastructure\DiarioDeBordo.Infrastructure.csproj", "{171B0B04-4A55-48B1-AB13-F816DFC302A0}"
EndProject
Project("{FAE04EC0-301F-11D3-BF4B-00C04F79EFBC}") = "DiarioDeBordo.Api", "src\DiarioDeBordo.Api\DiarioDeBordo.Api.csproj", "{A481DF47-B2BD-4F39-BCDC-52682A546261}"
EndProject
Project("{FAE04EC0-301F-11D3-BF4B-00C04F79EFBC}") = "DiarioDeBordo.Tests", "src\DiarioDeBordo.Tests\DiarioDeBordo.Tests.csproj", "{33221BBB-4BED-4435-9B4D-87DB2BDD2800}"
EndProject
Global
	GlobalSection(SolutionConfigurationPlatforms) = preSolution
		Debug|Any CPU = Debug|Any CPU
		Release|Any CPU = Release|Any CPU
	EndGlobalSection
	GlobalSection(SolutionProperties) = preSolution
		HideSolutionNode = FALSE
	EndGlobalSection
	GlobalSection(ProjectConfigurationPlatforms) = postSolution
		{4157FAF2-429F-4F1E-9CCD-A8F4EA7CBCF0}.Debug|Any CPU.ActiveCfg = Debug|Any CPU
		{4157FAF2-429F-4F1E-9CCD-A8F4EA7CBCF0}.Debug|Any CPU.Build.0 = Debug|Any CPU
		{4157FAF2-429F-4F1E-9CCD-A8F4EA7CBCF0}.Release|Any CPU.ActiveCfg = Release|Any CPU
		{4157FAF2-429F-4F1E-9CCD-A8F4EA7CBCF0}.Release|Any CPU.Build.0 = Release|Any CPU
		{8072BAD1-ECC1-412E-AD8B-F300EE1162D5}.Debug|Any CPU.ActiveCfg = Debug|Any CPU
		{8072BAD1-ECC1-412E-AD8B-F300EE1162D5}.Debug|Any CPU.Build.0 = Debug|Any CPU
		{8072BAD1-ECC1-412E-AD8B-F300EE1162D5}.Release|Any CPU.ActiveCfg = Release|Any CPU
		{8072BAD1-ECC1-412E-AD8B-F300EE1162D5}.Release|Any CPU.Build.0 = Release|Any CPU
		{EED52B90-4B5E-4FD6-8261-A9D2EAD205C8}.Debug|Any CPU.ActiveCfg = Debug|Any CPU
		{EED52B90-4B5E-4FD6-8261-A9D2EAD205C8}.Debug|Any CPU.Build.0 = Debug|Any CPU
		{EED52B90-4B5E-4FD6-8261-A9D2EAD205C8}.Release|Any CPU.ActiveCfg = Release|Any CPU
		{EED52B90-4B5E-4FD6-8261-A9D2EAD205C8}.Release|Any CPU.Build.0 = Release|Any CPU
		{171B0B04-4A55-48B1-AB13-F816DFC302A0}.Debug|Any CPU.ActiveCfg = Debug|Any CPU
		{171B0B04-4A55-48B1-AB13-F816DFC302A0}.Debug|Any CPU.Build.0 = Debug|Any CPU
		{171B0B04-4A55-48B1-AB13-F816DFC302A0}.Release|Any CPU.ActiveCfg = Release|Any CPU
		{171B0B04-4A55-48B1-AB13-F816DFC302A0}.Release|Any CPU.Build.0 = Release|Any CPU
		{A481DF47-B2BD-4F39-BCDC-52682A546261}.Debug|Any CPU.ActiveCfg = Debug|Any CPU
		{A481DF47-B2BD-4F39-BCDC-52682A546261}.Debug|Any CPU.Build.0 = Debug|Any CPU
		{A481DF47-B2BD-4F39-BCDC-52682A546261}.Release|Any CPU.ActiveCfg = Release|Any CPU
		{A481DF47-B2BD-4F39-BCDC-52682A546261}.Release|Any CPU.Build.0 = Release|Any CPU
		{33221BBB-4BED-4435-9B4D-87DB2BDD2800}.Debug|Any CPU.ActiveCfg = Debug|Any CPU
		{33221BBB-4BED-4435-9B4D-87DB2BDD2800}.Debug|Any CPU.Build.0 = Debug|Any CPU
		{33221BBB-4BED-4435-9B4D-87DB2BDD2800}.Release|Any CPU.ActiveCfg = Release|Any CPU
		{33221BBB-4BED-4435-9B4D-87DB2BDD2800}.Release|Any CPU.Build.0 = Release|Any CPU
	EndGlobalSection
	GlobalSection(NestedProjects) = preSolution
		{4157FAF2-429F-4F1E-9CCD-A8F4EA7CBCF0} = {A9D38DE3-C10F-4837-A4BD-005901E1DEB4}
		{8072BAD1-ECC1-412E-AD8B-F300EE1162D5} = {A9D38DE3-C10F-4837-A4BD-005901E1DEB4}
		{EED52B90-4B5E-4FD6-8261-A9D2EAD205C8} = {A9D38DE3-C10F-4837-A4BD-005901E1DEB4}
		{171B0B04-4A55-48B1-AB13-F816DFC302A0} = {A9D38DE3-C10F-4837-A4BD-005901E1DEB4}
		{A481DF47-B2BD-4F39-BCDC-52682A546261} = {A9D38DE3-C10F-4837-A4BD-005901E1DEB4}
		{33221BBB-4BED-4435-9B4D-87DB2BDD2800} = {A9D38DE3-C10F-4837-A4BD-005901E1DEB4}
	EndGlobalSection
EndGlobal
